
Microsoft Visual Studio Solution File, Format Version 12.00
# Visual Studio 15
VisualStudioVersion = 15.0.28010.2016
MinimumVisualStudioVersion = 10.0.40219.1
Project("{FAE04EC0-301F-11D3-BF4B-00C04F79EFBC}") = "Section2", "Section2\Section2.csproj", "{AEAF6620-2881-4947-B06F-A459C126E30C}"
EndProject
Project("{FAE04EC0-301F-11D3-BF4B-00C04F79EFBC}") = "Section2Tests", "Section2Tests\Section2Tests.csproj", "{C924048E-5357-46DE-9900-4858C69F1C91}"
EndProject
Global
	GlobalSection(SolutionConfigurationPlatforms) = preSolution
		Debug|Any CPU = Debug|Any CPU
		Release|Any CPU = Release|Any CPU
	EndGlobalSection
	GlobalSection(ProjectConfigurationPlatforms) = postSolution
		{AEAF6620-2881-4947-B06F-A459C126E30C}.Debug|Any CPU.ActiveCfg = Debug|Any CPU
		{AEAF6620-2881-4947-B06F-A459C126E30C}.Debug|Any CPU.Build.0 = Debug|Any CPU
		{AEAF6620-2881-4947-B06F-A459C126E30C}.Release|Any CPU.ActiveCfg = Release|Any CPU
		{AEAF6620-2881-4947-B06F-A459C126E30C}.Release|Any CPU.Build.0 = Release|Any CPU
		{C924048E-5357-46DE-9900-4858C69F1C91}.Debug|Any CPU.ActiveCfg = Debug|Any CPU
		{C924048E-5357-46DE-9900-4858C69F1C91}.Debug|Any CPU.Build.0 = Debug|Any CPU
		{C924048E-5357-46DE-9900-4858C69F1C91}.Release|Any CPU.ActiveCfg = Release|Any CPU
		{C924048E-5357-46DE-9900-4858C69F1C91}.Release|Any CPU.Build.0 = Release|Any CPU
	EndGlobalSection
	GlobalSection(SolutionProperties) = preSolution
		HideSolutionNode = FALSE
	EndGlobalSection
	GlobalSection(ExtensibilityGlobals) = postSolution
		SolutionGuid = {F1BFF572-6740-43C4-AE7F-BF3774C60DA6}
	EndGlobalSection
EndGlobal
